
Microsoft Visual Studio Solution File, Format Version 12.00
# Visual Studio Version 16
VisualStudioVersion = 16.0.29728.190
MinimumVisualStudioVersion = 10.0.40219.1
Project("{FAE04EC0-301F-11D3-BF4B-00C04F79EFBC}") = "SP20.P05.Web", "SP20.P05.Web\SP20.P05.Web.csproj", "{11226BEA-FE72-4EFB-A040-10090CE46DA8}"
EndProject
Project("{FAE04EC0-301F-11D3-BF4B-00C04F79EFBC}") = "SP20.P05.Tests", "SP20.P05.Tests\SP20.P05.Tests.csproj", "{516A1E43-346B-414D-9529-06D6CBD91CF8}"
EndProject
Global
	GlobalSection(SolutionConfigurationPlatforms) = preSolution
		Debug|Any CPU = Debug|Any CPU
		Release|Any CPU = Release|Any CPU
	EndGlobalSection
	GlobalSection(ProjectConfigurationPlatforms) = postSolution
		{11226BEA-FE72-4EFB-A040-10090CE46DA8}.Debug|Any CPU.ActiveCfg = Debug|Any CPU
		{11226BEA-FE72-4EFB-A040-10090CE46DA8}.Debug|Any CPU.Build.0 = Debug|Any CPU
		{11226BEA-FE72-4EFB-A040-10090CE46DA8}.Release|Any CPU.ActiveCfg = Release|Any CPU
		{11226BEA-FE72-4EFB-A040-10090CE46DA8}.Release|Any CPU.Build.0 = Release|Any CPU
		{516A1E43-346B-414D-9529-06D6CBD91CF8}.Debug|Any CPU.ActiveCfg = Debug|Any CPU
		{516A1E43-346B-414D-9529-06D6CBD91CF8}.Debug|Any CPU.Build.0 = Debug|Any CPU
		{516A1E43-346B-414D-9529-06D6CBD91CF8}.Release|Any CPU.ActiveCfg = Release|Any CPU
		{516A1E43-346B-414D-9529-06D6CBD91CF8}.Release|Any CPU.Build.0 = Release|Any CPU
	EndGlobalSection
	GlobalSection(SolutionProperties) = preSolution
		HideSolutionNode = FALSE
	EndGlobalSection
	GlobalSection(ExtensibilityGlobals) = postSolution
		SolutionGuid = {80CCA884-47F9-48CD-A31D-30C1878FAD48}
	EndGlobalSection
EndGlobal
